
Microsoft Visual Studio Solution File, Format Version 12.00
# Visual Studio 15
VisualStudioVersion = 15.0.27703.2047
MinimumVisualStudioVersion = 10.0.40219.1
Project("{FAE04EC0-301F-11D3-BF4B-00C04F79EFBC}") = "map_caster", "map_caster.csproj", "{93084AFF-B222-4B0E-A889-54A768A3BE65}"
EndProject
Global
	GlobalSection(SolutionConfigurationPlatforms) = preSolution
		Debug|Any CPU = Debug|Any CPU
		Release|Any CPU = Release|Any CPU
	EndGlobalSection
	GlobalSection(ProjectConfigurationPlatforms) = postSolution
		{93084AFF-B222-4B0E-A889-54A768A3BE65}.Debug|Any CPU.ActiveCfg = Debug|Any CPU
		{93084AFF-B222-4B0E-A889-54A768A3BE65}.Debug|Any CPU.Build.0 = Debug|Any CPU
		{93084AFF-B222-4B0E-A889-54A768A3BE65}.Release|Any CPU.ActiveCfg = Release|Any CPU
		{93084AFF-B222-4B0E-A889-54A768A3BE65}.Release|Any CPU.Build.0 = Release|Any CPU
	EndGlobalSection
	GlobalSection(SolutionProperties) = preSolution
		HideSolutionNode = FALSE
	EndGlobalSection
	GlobalSection(ExtensibilityGlobals) = postSolution
		SolutionGuid = {D4F686D4-E73B-44C9-B6F4-BB82B84308D1}
	EndGlobalSection
EndGlobal
